# THIS IS AN AUTOGENERATED FILE. DO NOT EDIT THIS FILE DIRECTLY.
# yarn lockfile v1


fsevents@~2.1.2:
  version "2.1.2"
  resolved "https://registry.yarnpkg.com/fsevents/-/fsevents-2.1.2.tgz#4c0a1fb34bc68e543b4b82a9ec392bfbda840805"
  integrity sha512-R4wDiBwZ0KzpgOWetKDug1FZcYhqYnUYKtfZYt4mD5SBz76q0KR4Q9o7GIPamsVPGmW3EYPPJ0dOOjvx32ldZA==

rollup@^2.0.6:
  version "2.0.6"
  resolved "https://registry.yarnpkg.com/rollup/-/rollup-2.0.6.tgz#865d6bb15a28cff3429ea1dc57236013661cb9de"
  integrity sha512-P42IlI6a/bxh52ed8hEXXe44LcHfep2f26OZybMJPN1TTQftibvQEl3CWeOmJrzqGbFxOA000QXDWO9WJaOQpA==
  optionalDependencies:
    fsevents "~2.1.2"
